
Microsoft Visual Studio Solution File, Format Version 12.00
# Visual Studio Version 16
VisualStudioVersion = 16.0.29926.136
MinimumVisualStudioVersion = 10.0.40219.1
Project("{9A19103F-16F7-4668-BE54-9A1E7A4F7556}") = "PhotoServer", "PhotoServer\PhotoServer.csproj", "{A173C1F8-F446-495B-A89D-A86B5A59B6C8}"
EndProject
Project("{FAE04EC0-301F-11D3-BF4B-00C04F79EFBC}") = "PhotosClient.Android", "PhotosClient\PhotosClient.Android\PhotosClient.Android.csproj", "{B9FF16BD-2856-4E48-8596-0CBFDF0D8371}"
EndProject
Project("{9A19103F-16F7-4668-BE54-9A1E7A4F7556}") = "PhotosClient", "PhotosClient\PhotosClient\PhotosClient.csproj", "{2969D352-A21A-456A-9BCD-F4FC4B92408F}"
EndProject
Project("{C7167F0D-BC9F-4E6E-AFE1-012C56B48DB5}") = "HomeSchoolingServerPackage", "HomeSchoolingServerPackage\HomeSchoolingServerPackage.wapproj", "{6F136447-1603-4A05-8E5E-DBE21C6B2075}"
EndProject
Project("{FAE04EC0-301F-11D3-BF4B-00C04F79EFBC}") = "PDFSlicer", "PDFSlicer\PDFSlicer.csproj", "{98BEEC0A-E8CF-4B50-85AD-F2034CF3DDCF}"
EndProject
Global
	GlobalSection(SolutionConfigurationPlatforms) = preSolution
		Debug|Any CPU = Debug|Any CPU
		Debug|ARM = Debug|ARM
		Debug|ARM64 = Debug|ARM64
		Debug|x64 = Debug|x64
		Debug|x86 = Debug|x86
		Release|Any CPU = Release|Any CPU
		Release|ARM = Release|ARM
		Release|ARM64 = Release|ARM64
		Release|x64 = Release|x64
		Release|x86 = Release|x86
	EndGlobalSection
	GlobalSection(ProjectConfigurationPlatforms) = postSolution
		{A173C1F8-F446-495B-A89D-A86B5A59B6C8}.Debug|Any CPU.ActiveCfg = Debug|Any CPU
		{A173C1F8-F446-495B-A89D-A86B5A59B6C8}.Debug|Any CPU.Build.0 = Debug|Any CPU
		{A173C1F8-F446-495B-A89D-A86B5A59B6C8}.Debug|ARM.ActiveCfg = Debug|Any CPU
		{A173C1F8-F446-495B-A89D-A86B5A59B6C8}.Debug|ARM.Build.0 = Debug|Any CPU
		{A173C1F8-F446-495B-A89D-A86B5A59B6C8}.Debug|ARM64.ActiveCfg = Debug|Any CPU
		{A173C1F8-F446-495B-A89D-A86B5A59B6C8}.Debug|ARM64.Build.0 = Debug|Any CPU
		{A173C1F8-F446-495B-A89D-A86B5A59B6C8}.Debug|x64.ActiveCfg = Debug|Any CPU
		{A173C1F8-F446-495B-A89D-A86B5A59B6C8}.Debug|x64.Build.0 = Debug|Any CPU
		{A173C1F8-F446-495B-A89D-A86B5A59B6C8}.Debug|x86.ActiveCfg = Debug|Any CPU
		{A173C1F8-F446-495B-A89D-A86B5A59B6C8}.Debug|x86.Build.0 = Debug|Any CPU
		{A173C1F8-F446-495B-A89D-A86B5A59B6C8}.Release|Any CPU.ActiveCfg = Release|Any CPU
		{A173C1F8-F446-495B-A89D-A86B5A59B6C8}.Release|Any CPU.Build.0 = Release|Any CPU
		{A173C1F8-F446-495B-A89D-A86B5A59B6C8}.Release|ARM.ActiveCfg = Release|Any CPU
		{A173C1F8-F446-495B-A89D-A86B5A59B6C8}.Release|ARM.Build.0 = Release|Any CPU
		{A173C1F8-F446-495B-A89D-A86B5A59B6C8}.Release|ARM64.ActiveCfg = Release|Any CPU
		{A173C1F8-F446-495B-A89D-A86B5A59B6C8}.Release|ARM64.Build.0 = Release|Any CPU
		{A173C1F8-F446-495B-A89D-A86B5A59B6C8}.Release|x64.ActiveCfg = Release|Any CPU
		{A173C1F8-F446-495B-A89D-A86B5A59B6C8}.Release|x64.Build.0 = Release|Any CPU
		{A173C1F8-F446-495B-A89D-A86B5A59B6C8}.Release|x86.ActiveCfg = Release|Any CPU
		{A173C1F8-F446-495B-A89D-A86B5A59B6C8}.Release|x86.Build.0 = Release|Any CPU
		{B9FF16BD-2856-4E48-8596-0CBFDF0D8371}.Debug|Any CPU.ActiveCfg = Debug|Any CPU
		{B9FF16BD-2856-4E48-8596-0CBFDF0D8371}.Debug|Any CPU.Build.0 = Debug|Any CPU
		{B9FF16BD-2856-4E48-8596-0CBFDF0D8371}.Debug|Any CPU.Deploy.0 = Debug|Any CPU
		{B9FF16BD-2856-4E48-8596-0CBFDF0D8371}.Debug|ARM.ActiveCfg = Debug|Any CPU
		{B9FF16BD-2856-4E48-8596-0CBFDF0D8371}.Debug|ARM.Build.0 = Debug|Any CPU
		{B9FF16BD-2856-4E48-8596-0CBFDF0D8371}.Debug|ARM.Deploy.0 = Debug|Any CPU
		{B9FF16BD-2856-4E48-8596-0CBFDF0D8371}.Debug|ARM64.ActiveCfg = Debug|Any CPU
		{B9FF16BD-2856-4E48-8596-0CBFDF0D8371}.Debug|ARM64.Build.0 = Debug|Any CPU
		{B9FF16BD-2856-4E48-8596-0CBFDF0D8371}.Debug|ARM64.Deploy.0 = Debug|Any CPU
		{B9FF16BD-2856-4E48-8596-0CBFDF0D8371}.Debug|x64.ActiveCfg = Debug|Any CPU
		{B9FF16BD-2856-4E48-8596-0CBFDF0D8371}.Debug|x64.Build.0 = Debug|Any CPU
		{B9FF16BD-2856-4E48-8596-0CBFDF0D8371}.Debug|x64.Deploy.0 = Debug|Any CPU
		{B9FF16BD-2856-4E48-8596-0CBFDF0D8371}.Debug|x86.ActiveCfg = Debug|Any CPU
		{B9FF16BD-2856-4E48-8596-0CBFDF0D8371}.Debug|x86.Build.0 = Debug|Any CPU
		{B9FF16BD-2856-4E48-8596-0CBFDF0D8371}.Debug|x86.Deploy.0 = Debug|Any CPU
		{B9FF16BD-2856-4E48-8596-0CBFDF0D8371}.Release|Any CPU.ActiveCfg = Release|Any CPU
		{B9FF16BD-2856-4E48-8596-0CBFDF0D8371}.Release|Any CPU.Build.0 = Release|Any CPU
		{B9FF16BD-2856-4E48-8596-0CBFDF0D8371}.Release|Any CPU.Deploy.0 = Release|Any CPU
		{B9FF16BD-2856-4E48-8596-0CBFDF0D8371}.Release|ARM.ActiveCfg = Release|Any CPU
		{B9FF16BD-2856-4E48-8596-0CBFDF0D8371}.Release|ARM.Build.0 = Release|Any CPU
		{B9FF16BD-2856-4E48-8596-0CBFDF0D8371}.Release|ARM.Deploy.0 = Release|Any CPU
		{B9FF16BD-2856-4E48-8596-0CBFDF0D8371}.Release|ARM64.ActiveCfg = Release|Any CPU
		{B9FF16BD-2856-4E48-8596-0CBFDF0D8371}.Release|ARM64.Build.0 = Release|Any CPU
		{B9FF16BD-2856-4E48-8596-0CBFDF0D8371}.Release|ARM64.Deploy.0 = Release|Any CPU
		{B9FF16BD-2856-4E48-8596-0CBFDF0D8371}.Release|x64.ActiveCfg = Release|Any CPU
		{B9FF16BD-2856-4E48-8596-0CBFDF0D8371}.Release|x64.Build.0 = Release|Any CPU
		{B9FF16BD-2856-4E48-8596-0CBFDF0D8371}.Release|x64.Deploy.0 = Release|Any CPU
		{B9FF16BD-2856-4E48-8596-0CBFDF0D8371}.Release|x86.ActiveCfg = Release|Any CPU
		{B9FF16BD-2856-4E48-8596-0CBFDF0D8371}.Release|x86.Build.0 = Release|Any CPU
		{B9FF16BD-2856-4E48-8596-0CBFDF0D8371}.Release|x86.Deploy.0 = Release|Any CPU
		{2969D352-A21A-456A-9BCD-F4FC4B92408F}.Debug|Any CPU.ActiveCfg = Debug|Any CPU
		{2969D352-A21A-456A-9BCD-F4FC4B92408F}.Debug|Any CPU.Build.0 = Debug|Any CPU
		{2969D352-A21A-456A-9BCD-F4FC4B92408F}.Debug|ARM.ActiveCfg = Debug|Any CPU
		{2969D352-A21A-456A-9BCD-F4FC4B92408F}.Debug|ARM.Build.0 = Debug|Any CPU
		{2969D352-A21A-456A-9BCD-F4FC4B92408F}.Debug|ARM64.ActiveCfg = Debug|Any CPU
		{2969D352-A21A-456A-9BCD-F4FC4B92408F}.Debug|ARM64.Build.0 = Debug|Any CPU
		{2969D352-A21A-456A-9BCD-F4FC4B92408F}.Debug|x64.ActiveCfg = Debug|Any CPU
		{2969D352-A21A-456A-9BCD-F4FC4B92408F}.Debug|x64.Build.0 = Debug|Any CPU
		{2969D352-A21A-456A-9BCD-F4FC4B92408F}.Debug|x86.ActiveCfg = Debug|Any CPU
		{2969D352-A21A-456A-9BCD-F4FC4B92408F}.Debug|x86.Build.0 = Debug|Any CPU
		{2969D352-A21A-456A-9BCD-F4FC4B92408F}.Release|Any CPU.ActiveCfg = Release|Any CPU
		{2969D352-A21A-456A-9BCD-F4FC4B92408F}.Release|Any CPU.Build.0 = Release|Any CPU
		{2969D352-A21A-456A-9BCD-F4FC4B92408F}.Release|ARM.ActiveCfg = Release|Any CPU
		{2969D352-A21A-456A-9BCD-F4FC4B92408F}.Release|ARM.Build.0 = Release|Any CPU
		{2969D352-A21A-456A-9BCD-F4FC4B92408F}.Release|ARM64.ActiveCfg = Release|Any CPU
		{2969D352-A21A-456A-9BCD-F4FC4B92408F}.Release|ARM64.Build.0 = Release|Any CPU
		{2969D352-A21A-456A-9BCD-F4FC4B92408F}.Release|x64.ActiveCfg = Release|Any CPU
		{2969D352-A21A-456A-9BCD-F4FC4B92408F}.Release|x64.Build.0 = Release|Any CPU
		{2969D352-A21A-456A-9BCD-F4FC4B92408F}.Release|x86.ActiveCfg = Release|Any CPU
		{2969D352-A21A-456A-9BCD-F4FC4B92408F}.Release|x86.Build.0 = Release|Any CPU
		{6F136447-1603-4A05-8E5E-DBE21C6B2075}.Debug|Any CPU.ActiveCfg = Debug|Any CPU
		{6F136447-1603-4A05-8E5E-DBE21C6B2075}.Debug|Any CPU.Build.0 = Debug|Any CPU
		{6F136447-1603-4A05-8E5E-DBE21C6B2075}.Debug|Any CPU.Deploy.0 = Debug|Any CPU
		{6F136447-1603-4A05-8E5E-DBE21C6B2075}.Debug|ARM.ActiveCfg = Debug|ARM
		{6F136447-1603-4A05-8E5E-DBE21C6B2075}.Debug|ARM.Build.0 = Debug|ARM
		{6F136447-1603-4A05-8E5E-DBE21C6B2075}.Debug|ARM.Deploy.0 = Debug|ARM
		{6F136447-1603-4A05-8E5E-DBE21C6B2075}.Debug|ARM64.ActiveCfg = Debug|ARM64
		{6F136447-1603-4A05-8E5E-DBE21C6B2075}.Debug|ARM64.Build.0 = Debug|ARM64
		{6F136447-1603-4A05-8E5E-DBE21C6B2075}.Debug|ARM64.Deploy.0 = Debug|ARM64
		{6F136447-1603-4A05-8E5E-DBE21C6B2075}.Debug|x64.ActiveCfg = Debug|x64
		{6F136447-1603-4A05-8E5E-DBE21C6B2075}.Debug|x64.Build.0 = Debug|x64
		{6F136447-1603-4A05-8E5E-DBE21C6B2075}.Debug|x64.Deploy.0 = Debug|x64
		{6F136447-1603-4A05-8E5E-DBE21C6B2075}.Debug|x86.ActiveCfg = Debug|x86
		{6F136447-1603-4A05-8E5E-DBE21C6B2075}.Debug|x86.Build.0 = Debug|x86
		{6F136447-1603-4A05-8E5E-DBE21C6B2075}.Debug|x86.Deploy.0 = Debug|x86
		{6F136447-1603-4A05-8E5E-DBE21C6B2075}.Release|Any CPU.ActiveCfg = Release|Any CPU
		{6F136447-1603-4A05-8E5E-DBE21C6B2075}.Release|Any CPU.Build.0 = Release|Any CPU
		{6F136447-1603-4A05-8E5E-DBE21C6B2075}.Release|Any CPU.Deploy.0 = Release|Any CPU
		{6F136447-1603-4A05-8E5E-DBE21C6B2075}.Release|ARM.ActiveCfg = Release|ARM
		{6F136447-1603-4A05-8E5E-DBE21C6B2075}.Release|ARM.Build.0 = Release|ARM
		{6F136447-1603-4A05-8E5E-DBE21C6B2075}.Release|ARM.Deploy.0 = Release|ARM
		{6F136447-1603-4A05-8E5E-DBE21C6B2075}.Release|ARM64.ActiveCfg = Release|ARM64
		{6F136447-1603-4A05-8E5E-DBE21C6B2075}.Release|ARM64.Build.0 = Release|ARM64
		{6F136447-1603-4A05-8E5E-DBE21C6B2075}.Release|ARM64.Deploy.0 = Release|ARM64
		{6F136447-1603-4A05-8E5E-DBE21C6B2075}.Release|x64.ActiveCfg = Release|x64
		{6F136447-1603-4A05-8E5E-DBE21C6B2075}.Release|x64.Build.0 = Release|x64
		{6F136447-1603-4A05-8E5E-DBE21C6B2075}.Release|x64.Deploy.0 = Release|x64
		{6F136447-1603-4A05-8E5E-DBE21C6B2075}.Release|x86.ActiveCfg = Release|x86
		{6F136447-1603-4A05-8E5E-DBE21C6B2075}.Release|x86.Build.0 = Release|x86
		{6F136447-1603-4A05-8E5E-DBE21C6B2075}.Release|x86.Deploy.0 = Release|x86
		{98BEEC0A-E8CF-4B50-85AD-F2034CF3DDCF}.Debug|Any CPU.ActiveCfg = Debug|Any CPU
		{98BEEC0A-E8CF-4B50-85AD-F2034CF3DDCF}.Debug|Any CPU.Build.0 = Debug|Any CPU
		{98BEEC0A-E8CF-4B50-85AD-F2034CF3DDCF}.Debug|ARM.ActiveCfg = Debug|Any CPU
		{98BEEC0A-E8CF-4B50-85AD-F2034CF3DDCF}.Debug|ARM.Build.0 = Debug|Any CPU
		{98BEEC0A-E8CF-4B50-85AD-F2034CF3DDCF}.Debug|ARM64.ActiveCfg = Debug|Any CPU
		{98BEEC0A-E8CF-4B50-85AD-F2034CF3DDCF}.Debug|ARM64.Build.0 = Debug|Any CPU
		{98BEEC0A-E8CF-4B50-85AD-F2034CF3DDCF}.Debug|x64.ActiveCfg = Debug|Any CPU
		{98BEEC0A-E8CF-4B50-85AD-F2034CF3DDCF}.Debug|x64.Build.0 = Debug|Any CPU
		{98BEEC0A-E8CF-4B50-85AD-F2034CF3DDCF}.Debug|x86.ActiveCfg = Debug|Any CPU
		{98BEEC0A-E8CF-4B50-85AD-F2034CF3DDCF}.Debug|x86.Build.0 = Debug|Any CPU
		{98BEEC0A-E8CF-4B50-85AD-F2034CF3DDCF}.Release|Any CPU.ActiveCfg = Release|Any CPU
		{98BEEC0A-E8CF-4B50-85AD-F2034CF3DDCF}.Release|Any CPU.Build.0 = Release|Any CPU
		{98BEEC0A-E8CF-4B50-85AD-F2034CF3DDCF}.Release|ARM.ActiveCfg = Release|Any CPU
		{98BEEC0A-E8CF-4B50-85AD-F2034CF3DDCF}.Release|ARM.Build.0 = Release|Any CPU
		{98BEEC0A-E8CF-4B50-85AD-F2034CF3DDCF}.Release|ARM64.ActiveCfg = Release|Any CPU
		{98BEEC0A-E8CF-4B50-85AD-F2034CF3DDCF}.Release|ARM64.Build.0 = Release|Any CPU
		{98BEEC0A-E8CF-4B50-85AD-F2034CF3DDCF}.Release|x64.ActiveCfg = Release|Any CPU
		{98BEEC0A-E8CF-4B50-85AD-F2034CF3DDCF}.Release|x64.Build.0 = Release|Any CPU
		{98BEEC0A-E8CF-4B50-85AD-F2034CF3DDCF}.Release|x86.ActiveCfg = Release|Any CPU
		{98BEEC0A-E8CF-4B50-85AD-F2034CF3DDCF}.Release|x86.Build.0 = Release|Any CPU
	EndGlobalSection
	GlobalSection(SolutionProperties) = preSolution
		HideSolutionNode = FALSE
	EndGlobalSection
	GlobalSection(ExtensibilityGlobals) = postSolution
		SolutionGuid = {63A1A2C9-36D6-4181-8F62-CC5F794097CD}
	EndGlobalSection
EndGlobal
